
Microsoft Visual Studio Solution File, Format Version 12.00
# Visual Studio Version 17
VisualStudioVersion = 17.5.002.0
MinimumVisualStudioVersion = 10.0.40219.1
Project("{2150E333-8FDC-42A3-9474-1A3956D46DE8}") = "prepare", "prepare", "{5D0C8744-485B-4C9C-9CE4-AA707165B700}"
EndProject
Project("{9A19103F-16F7-4668-BE54-9A1E7A4F7556}") = "Learning02", "prepare\Learning02\Learning02.csproj", "{D8B5A45F-5273-4C43-B9C2-6E6CBD215CD7}"
EndProject
Project("{9A19103F-16F7-4668-BE54-9A1E7A4F7556}") = "Learning05", "prepare\Learning05\Learning05.csproj", "{E029C11F-8FB1-4F74-B40C-69FBAD1CB0E0}"
EndProject
Project("{9A19103F-16F7-4668-BE54-9A1E7A4F7556}") = "Learning04", "prepare\Learning04\Learning04.csproj", "{010664D8-94BE-4E53-B32F-FDB32507C784}"
EndProject
Project("{9A19103F-16F7-4668-BE54-9A1E7A4F7556}") = "Learning03", "prepare\Learning03\Learning03.csproj", "{B3BE62A1-0A17-4820-9A1F-73E2CA719CEA}"
EndProject
Project("{2150E333-8FDC-42A3-9474-1A3956D46DE8}") = "prove", "prove", "{20D3AA8A-32FF-44BD-B86C-5DF1D70BAD0F}"
EndProject
Project("{9A19103F-16F7-4668-BE54-9A1E7A4F7556}") = "Develop03", "prove\Develop03\Develop03.csproj", "{6983B4EF-4349-4775-9ABA-5FFFF56DA8A7}"
EndProject
Project("{9A19103F-16F7-4668-BE54-9A1E7A4F7556}") = "Develop04", "prove\Develop04\Develop04.csproj", "{20DBF029-C30C-47A4-B5CE-8A0A84DAF355}"
EndProject
Project("{9A19103F-16F7-4668-BE54-9A1E7A4F7556}") = "Develop05", "prove\Develop05\Develop05.csproj", "{5EA3CBCD-7A5F-4A60-9F5A-54D4E9C7E030}"
EndProject
Project("{9A19103F-16F7-4668-BE54-9A1E7A4F7556}") = "Develop02", "prove\Develop02\Develop02.csproj", "{BC1D12F5-C39A-43D6-BD56-E18CC8A67727}"
EndProject
Project("{2150E333-8FDC-42A3-9474-1A3956D46DE8}") = "sandbox", "sandbox", "{D078BB9F-E175-4DD8-BF65-78098169567E}"
EndProject
Project("{9A19103F-16F7-4668-BE54-9A1E7A4F7556}") = "Sandbox", "sandbox\Sandbox\Sandbox.csproj", "{C9C08E46-9D83-4CD7-A0AE-F749E0597EE6}"
EndProject
Project("{2150E333-8FDC-42A3-9474-1A3956D46DE8}") = "final", "final", "{FC220F41-16A3-463B-96B3-D3E57A2C8C3E}"
EndProject
Project("{9A19103F-16F7-4668-BE54-9A1E7A4F7556}") = "FinalProject", "final\FinalProject\FinalProject.csproj", "{80B9F65A-6B3F-45B5-9671-DB292C47F85E}"
EndProject
Project("{9A19103F-16F7-4668-BE54-9A1E7A4F7556}") = "Foundation1", "final\Foundation1\Foundation1.csproj", "{62F4374F-6A9E-4714-A19A-8F3F153C73E5}"
EndProject
Project("{9A19103F-16F7-4668-BE54-9A1E7A4F7556}") = "Foundation4", "final\Foundation4\Foundation4.csproj", "{9F3559E5-F809-4825-87D8-198724C1274C}"
EndProject
Project("{9A19103F-16F7-4668-BE54-9A1E7A4F7556}") = "Foundation3", "final\Foundation3\Foundation3.csproj", "{8F182230-9B4F-4093-A659-0FB722CC03CE}"
EndProject
Project("{9A19103F-16F7-4668-BE54-9A1E7A4F7556}") = "Foundation2", "final\Foundation2\Foundation2.csproj", "{1A56F164-0521-434A-89BF-B97DD6F7B917}"
EndProject
Project("{2150E333-8FDC-42A3-9474-1A3956D46DE8}") = "csharp-prep", "csharp-prep", "{E39339B5-F65D-4315-8BD0-D6E73C132491}"
EndProject
Project("{9A19103F-16F7-4668-BE54-9A1E7A4F7556}") = "Prep1", "csharp-prep\Prep1\Prep1.csproj", "{4427982A-B522-4A11-8E63-450D05F6AF6C}"
EndProject
Project("{9A19103F-16F7-4668-BE54-9A1E7A4F7556}") = "Prep5", "csharp-prep\Prep5\Prep5.csproj", "{48EA169F-3485-47A9-959B-80CDA9CF1A8D}"
EndProject
Project("{9A19103F-16F7-4668-BE54-9A1E7A4F7556}") = "Prep2", "csharp-prep\Prep2\Prep2.csproj", "{AA8D12F9-7ED4-4B94-ACA3-0B0C5B89F661}"
EndProject
Project("{9A19103F-16F7-4668-BE54-9A1E7A4F7556}") = "Prep3", "csharp-prep\Prep3\Prep3.csproj", "{0BBF54A6-A4C7-48E9-9903-3E7F739DAB20}"
EndProject
Project("{9A19103F-16F7-4668-BE54-9A1E7A4F7556}") = "Prep4", "csharp-prep\Prep4\Prep4.csproj", "{35BF164E-A5E5-4DA2-A004-12A72427532A}"
EndProject
Global
	GlobalSection(SolutionConfigurationPlatforms) = preSolution
		Debug|Any CPU = Debug|Any CPU
		Release|Any CPU = Release|Any CPU
	EndGlobalSection
	GlobalSection(ProjectConfigurationPlatforms) = postSolution
		{D8B5A45F-5273-4C43-B9C2-6E6CBD215CD7}.Debug|Any CPU.ActiveCfg = Debug|Any CPU
		{D8B5A45F-5273-4C43-B9C2-6E6CBD215CD7}.Debug|Any CPU.Build.0 = Debug|Any CPU
		{D8B5A45F-5273-4C43-B9C2-6E6CBD215CD7}.Release|Any CPU.ActiveCfg = Release|Any CPU
		{D8B5A45F-5273-4C43-B9C2-6E6CBD215CD7}.Release|Any CPU.Build.0 = Release|Any CPU
		{E029C11F-8FB1-4F74-B40C-69FBAD1CB0E0}.Debug|Any CPU.ActiveCfg = Debug|Any CPU
		{E029C11F-8FB1-4F74-B40C-69FBAD1CB0E0}.Debug|Any CPU.Build.0 = Debug|Any CPU
		{E029C11F-8FB1-4F74-B40C-69FBAD1CB0E0}.Release|Any CPU.ActiveCfg = Release|Any CPU
		{E029C11F-8FB1-4F74-B40C-69FBAD1CB0E0}.Release|Any CPU.Build.0 = Release|Any CPU
		{010664D8-94BE-4E53-B32F-FDB32507C784}.Debug|Any CPU.ActiveCfg = Debug|Any CPU
		{010664D8-94BE-4E53-B32F-FDB32507C784}.Debug|Any CPU.Build.0 = Debug|Any CPU
		{010664D8-94BE-4E53-B32F-FDB32507C784}.Release|Any CPU.ActiveCfg = Release|Any CPU
		{010664D8-94BE-4E53-B32F-FDB32507C784}.Release|Any CPU.Build.0 = Release|Any CPU
		{B3BE62A1-0A17-4820-9A1F-73E2CA719CEA}.Debug|Any CPU.ActiveCfg = Debug|Any CPU
		{B3BE62A1-0A17-4820-9A1F-73E2CA719CEA}.Debug|Any CPU.Build.0 = Debug|Any CPU
		{B3BE62A1-0A17-4820-9A1F-73E2CA719CEA}.Release|Any CPU.ActiveCfg = Release|Any CPU
		{B3BE62A1-0A17-4820-9A1F-73E2CA719CEA}.Release|Any CPU.Build.0 = Release|Any CPU
		{6983B4EF-4349-4775-9ABA-5FFFF56DA8A7}.Debug|Any CPU.ActiveCfg = Debug|Any CPU
		{6983B4EF-4349-4775-9ABA-5FFFF56DA8A7}.Debug|Any CPU.Build.0 = Debug|Any CPU
		{6983B4EF-4349-4775-9ABA-5FFFF56DA8A7}.Release|Any CPU.ActiveCfg = Release|Any CPU
		{6983B4EF-4349-4775-9ABA-5FFFF56DA8A7}.Release|Any CPU.Build.0 = Release|Any CPU
		{20DBF029-C30C-47A4-B5CE-8A0A84DAF355}.Debug|Any CPU.ActiveCfg = Debug|Any CPU
		{20DBF029-C30C-47A4-B5CE-8A0A84DAF355}.Debug|Any CPU.Build.0 = Debug|Any CPU
		{20DBF029-C30C-47A4-B5CE-8A0A84DAF355}.Release|Any CPU.ActiveCfg = Release|Any CPU
		{20DBF029-C30C-47A4-B5CE-8A0A84DAF355}.Release|Any CPU.Build.0 = Release|Any CPU
		{5EA3CBCD-7A5F-4A60-9F5A-54D4E9C7E030}.Debug|Any CPU.ActiveCfg = Debug|Any CPU
		{5EA3CBCD-7A5F-4A60-9F5A-54D4E9C7E030}.Debug|Any CPU.Build.0 = Debug|Any CPU
		{5EA3CBCD-7A5F-4A60-9F5A-54D4E9C7E030}.Release|Any CPU.ActiveCfg = Release|Any CPU
		{5EA3CBCD-7A5F-4A60-9F5A-54D4E9C7E030}.Release|Any CPU.Build.0 = Release|Any CPU
		{BC1D12F5-C39A-43D6-BD56-E18CC8A67727}.Debug|Any CPU.ActiveCfg = Debug|Any CPU
		{BC1D12F5-C39A-43D6-BD56-E18CC8A67727}.Debug|Any CPU.Build.0 = Debug|Any CPU
		{BC1D12F5-C39A-43D6-BD56-E18CC8A67727}.Release|Any CPU.ActiveCfg = Release|Any CPU
		{BC1D12F5-C39A-43D6-BD56-E18CC8A67727}.Release|Any CPU.Build.0 = Release|Any CPU
		{C9C08E46-9D83-4CD7-A0AE-F749E0597EE6}.Debug|Any CPU.ActiveCfg = Debug|Any CPU
		{C9C08E46-9D83-4CD7-A0AE-F749E0597EE6}.Debug|Any CPU.Build.0 = Debug|Any CPU
		{C9C08E46-9D83-4CD7-A0AE-F749E0597EE6}.Release|Any CPU.ActiveCfg = Release|Any CPU
		{C9C08E46-9D83-4CD7-A0AE-F749E0597EE6}.Release|Any CPU.Build.0 = Release|Any CPU
		{80B9F65A-6B3F-45B5-9671-DB292C47F85E}.Debug|Any CPU.ActiveCfg = Debug|Any CPU
		{80B9F65A-6B3F-45B5-9671-DB292C47F85E}.Debug|Any CPU.Build.0 = Debug|Any CPU
		{80B9F65A-6B3F-45B5-9671-DB292C47F85E}.Release|Any CPU.ActiveCfg = Release|Any CPU
		{80B9F65A-6B3F-45B5-9671-DB292C47F85E}.Release|Any CPU.Build.0 = Release|Any CPU
		{62F4374F-6A9E-4714-A19A-8F3F153C73E5}.Debug|Any CPU.ActiveCfg = Debug|Any CPU
		{62F4374F-6A9E-4714-A19A-8F3F153C73E5}.Debug|Any CPU.Build.0 = Debug|Any CPU
		{62F4374F-6A9E-4714-A19A-8F3F153C73E5}.Release|Any CPU.ActiveCfg = Release|Any CPU
		{62F4374F-6A9E-4714-A19A-8F3F153C73E5}.Release|Any CPU.Build.0 = Release|Any CPU
		{9F3559E5-F809-4825-87D8-198724C1274C}.Debug|Any CPU.ActiveCfg = Debug|Any CPU
		{9F3559E5-F809-4825-87D8-198724C1274C}.Debug|Any CPU.Build.0 = Debug|Any CPU
		{9F3559E5-F809-4825-87D8-198724C1274C}.Release|Any CPU.ActiveCfg = Release|Any CPU
		{9F3559E5-F809-4825-87D8-198724C1274C}.Release|Any CPU.Build.0 = Release|Any CPU
		{8F182230-9B4F-4093-A659-0FB722CC03CE}.Debug|Any CPU.ActiveCfg = Debug|Any CPU
		{8F182230-9B4F-4093-A659-0FB722CC03CE}.Debug|Any CPU.Build.0 = Debug|Any CPU
		{8F182230-9B4F-4093-A659-0FB722CC03CE}.Release|Any CPU.ActiveCfg = Release|Any CPU
		{8F182230-9B4F-4093-A659-0FB722CC03CE}.Release|Any CPU.Build.0 = Release|Any CPU
		{1A56F164-0521-434A-89BF-B97DD6F7B917}.Debug|Any CPU.ActiveCfg = Debug|Any CPU
		{1A56F164-0521-434A-89BF-B97DD6F7B917}.Debug|Any CPU.Build.0 = Debug|Any CPU
		{1A56F164-0521-434A-89BF-B97DD6F7B917}.Release|Any CPU.ActiveCfg = Release|Any CPU
		{1A56F164-0521-434A-89BF-B97DD6F7B917}.Release|Any CPU.Build.0 = Release|Any CPU
		{4427982A-B522-4A11-8E63-450D05F6AF6C}.Debug|Any CPU.ActiveCfg = Debug|Any CPU
		{4427982A-B522-4A11-8E63-450D05F6AF6C}.Debug|Any CPU.Build.0 = Debug|Any CPU
		{4427982A-B522-4A11-8E63-450D05F6AF6C}.Release|Any CPU.ActiveCfg = Release|Any CPU
		{4427982A-B522-4A11-8E63-450D05F6AF6C}.Release|Any CPU.Build.0 = Release|Any CPU
		{48EA169F-3485-47A9-959B-80CDA9CF1A8D}.Debug|Any CPU.ActiveCfg = Debug|Any CPU
		{48EA169F-3485-47A9-959B-80CDA9CF1A8D}.Debug|Any CPU.Build.0 = Debug|Any CPU
		{48EA169F-3485-47A9-959B-80CDA9CF1A8D}.Release|Any CPU.ActiveCfg = Release|Any CPU
		{48EA169F-3485-47A9-959B-80CDA9CF1A8D}.Release|Any CPU.Build.0 = Release|Any CPU
		{AA8D12F9-7ED4-4B94-ACA3-0B0C5B89F661}.Debug|Any CPU.ActiveCfg = Debug|Any CPU
		{AA8D12F9-7ED4-4B94-ACA3-0B0C5B89F661}.Debug|Any CPU.Build.0 = Debug|Any CPU
		{AA8D12F9-7ED4-4B94-ACA3-0B0C5B89F661}.Release|Any CPU.ActiveCfg = Release|Any CPU
		{AA8D12F9-7ED4-4B94-ACA3-0B0C5B89F661}.Release|Any CPU.Build.0 = Release|Any CPU
		{0BBF54A6-A4C7-48E9-9903-3E7F739DAB20}.Debug|Any CPU.ActiveCfg = Debug|Any CPU
		{0BBF54A6-A4C7-48E9-9903-3E7F739DAB20}.Debug|Any CPU.Build.0 = Debug|Any CPU
		{0BBF54A6-A4C7-48E9-9903-3E7F739DAB20}.Release|Any CPU.ActiveCfg = Release|Any CPU
		{0BBF54A6-A4C7-48E9-9903-3E7F739DAB20}.Release|Any CPU.Build.0 = Release|Any CPU
		{35BF164E-A5E5-4DA2-A004-12A72427532A}.Debug|Any CPU.ActiveCfg = Debug|Any CPU
		{35BF164E-A5E5-4DA2-A004-12A72427532A}.Debug|Any CPU.Build.0 = Debug|Any CPU
		{35BF164E-A5E5-4DA2-A004-12A72427532A}.Release|Any CPU.ActiveCfg = Release|Any CPU
		{35BF164E-A5E5-4DA2-A004-12A72427532A}.Release|Any CPU.Build.0 = Release|Any CPU
	EndGlobalSection
	GlobalSection(SolutionProperties) = preSolution
		HideSolutionNode = FALSE
	EndGlobalSection
	GlobalSection(NestedProjects) = preSolution
		{D8B5A45F-5273-4C43-B9C2-6E6CBD215CD7} = {5D0C8744-485B-4C9C-9CE4-AA707165B700}
		{E029C11F-8FB1-4F74-B40C-69FBAD1CB0E0} = {5D0C8744-485B-4C9C-9CE4-AA707165B700}
		{010664D8-94BE-4E53-B32F-FDB32507C784} = {5D0C8744-485B-4C9C-9CE4-AA707165B700}
		{B3BE62A1-0A17-4820-9A1F-73E2CA719CEA} = {5D0C8744-485B-4C9C-9CE4-AA707165B700}
		{6983B4EF-4349-4775-9ABA-5FFFF56DA8A7} = {20D3AA8A-32FF-44BD-B86C-5DF1D70BAD0F}
		{20DBF029-C30C-47A4-B5CE-8A0A84DAF355} = {20D3AA8A-32FF-44BD-B86C-5DF1D70BAD0F}
		{5EA3CBCD-7A5F-4A60-9F5A-54D4E9C7E030} = {20D3AA8A-32FF-44BD-B86C-5DF1D70BAD0F}
		{BC1D12F5-C39A-43D6-BD56-E18CC8A67727} = {20D3AA8A-32FF-44BD-B86C-5DF1D70BAD0F}
		{C9C08E46-9D83-4CD7-A0AE-F749E0597EE6} = {D078BB9F-E175-4DD8-BF65-78098169567E}
		{80B9F65A-6B3F-45B5-9671-DB292C47F85E} = {FC220F41-16A3-463B-96B3-D3E57A2C8C3E}
		{62F4374F-6A9E-4714-A19A-8F3F153C73E5} = {FC220F41-16A3-463B-96B3-D3E57A2C8C3E}
		{9F3559E5-F809-4825-87D8-198724C1274C} = {FC220F41-16A3-463B-96B3-D3E57A2C8C3E}
		{8F182230-9B4F-4093-A659-0FB722CC03CE} = {FC220F41-16A3-463B-96B3-D3E57A2C8C3E}
		{1A56F164-0521-434A-89BF-B97DD6F7B917} = {FC220F41-16A3-463B-96B3-D3E57A2C8C3E}
		{4427982A-B522-4A11-8E63-450D05F6AF6C} = {E39339B5-F65D-4315-8BD0-D6E73C132491}
		{48EA169F-3485-47A9-959B-80CDA9CF1A8D} = {E39339B5-F65D-4315-8BD0-D6E73C132491}
		{AA8D12F9-7ED4-4B94-ACA3-0B0C5B89F661} = {E39339B5-F65D-4315-8BD0-D6E73C132491}
		{0BBF54A6-A4C7-48E9-9903-3E7F739DAB20} = {E39339B5-F65D-4315-8BD0-D6E73C132491}
		{35BF164E-A5E5-4DA2-A004-12A72427532A} = {E39339B5-F65D-4315-8BD0-D6E73C132491}
	EndGlobalSection
	GlobalSection(ExtensibilityGlobals) = postSolution
		SolutionGuid = {897169AA-E2F1-49CE-9160-9CC14E22224D}
	EndGlobalSection
EndGlobal
